
Microsoft Visual Studio Solution File, Format Version 12.00
# Visual Studio Version 17
VisualStudioVersion = 17.9.34616.47
MinimumVisualStudioVersion = 10.0.40219.1
Project("{FAE04EC0-301F-11D3-BF4B-00C04F79EFBC}") = "task 2", "task 2\task 2.csproj", "{F4D055A8-ADC5-4ED3-BBB3-C9591E3EF921}"
EndProject
Global
	GlobalSection(SolutionConfigurationPlatforms) = preSolution
		Debug|Any CPU = Debug|Any CPU
		Release|Any CPU = Release|Any CPU
	EndGlobalSection
	GlobalSection(ProjectConfigurationPlatforms) = postSolution
		{F4D055A8-ADC5-4ED3-BBB3-C9591E3EF921}.Debug|Any CPU.ActiveCfg = Debug|Any CPU
		{F4D055A8-ADC5-4ED3-BBB3-C9591E3EF921}.Debug|Any CPU.Build.0 = Debug|Any CPU
		{F4D055A8-ADC5-4ED3-BBB3-C9591E3EF921}.Release|Any CPU.ActiveCfg = Release|Any CPU
		{F4D055A8-ADC5-4ED3-BBB3-C9591E3EF921}.Release|Any CPU.Build.0 = Release|Any CPU
	EndGlobalSection
	GlobalSection(SolutionProperties) = preSolution
		HideSolutionNode = FALSE
	EndGlobalSection
	GlobalSection(ExtensibilityGlobals) = postSolution
		SolutionGuid = {7B720897-F5B2-470E-9D13-9637F8BE192E}
	EndGlobalSection
EndGlobal
